dependencies:
- name: prometheus
  repository: https://prometheus-community.github.io/helm-charts
  version: 15.11.0
- name: grafana
  repository: https://grafana.github.io/helm-charts
  version: 6.32.9
- name: kowl
  repository: https://raw.githubusercontent.com/cloudhut/charts/master/archives
  version: 2.3.1
- name: kowl
  repository: https://raw.githubusercontent.com/cloudhut/charts/master/archives
  version: 2.3.1
digest: sha256:351b9d907ead368a9a376e1239bfd3527e3f684b5b2e8a6799da0dad3928ce0d
generated: "2022-09-04T17:00:02.130653756+02:00"
